
Microsoft Visual Studio Solution File, Format Version 12.00
# Visual Studio Version 17
VisualStudioVersion = 17.3.32819.101
MinimumVisualStudioVersion = 10.0.40219.1
Project("{9A19103F-16F7-4668-BE54-9A1E7A4F7556}") = "Sat.Recruitment.Api", "Sat.Recruitment.Api\Sat.Recruitment.Api.csproj", "{1F342EA2-E7B1-4E53-AB93-9C62288D3FB0}"
EndProject
Project("{9A19103F-16F7-4668-BE54-9A1E7A4F7556}") = "Sat.Recruitment.Test", "Sat.Recruitment.Test\Sat.Recruitment.Test.csproj", "{42E696E9-2672-4B91-AD96-353A69F7219C}"
EndProject
Project("{FAE04EC0-301F-11D3-BF4B-00C04F79EFBC}") = "Sat.Recruiment.Workflows", "Sat.Recruiment.Workflows\Sat.Recruiment.Workflows.csproj", "{A03EDF57-DEF5-4476-B555-CBD3908E86C3}"
EndProject
Project("{FAE04EC0-301F-11D3-BF4B-00C04F79EFBC}") = "Sat.Recruiment.Common", "Sat.Recruiment.Common\Sat.Recruiment.Common.csproj", "{92D9B73E-E4F3-4987-989A-101FA16CE367}"
EndProject
Project("{FAE04EC0-301F-11D3-BF4B-00C04F79EFBC}") = "Sat.Recruiment.Services", "Services\Sat.Recruiment.Services.csproj", "{A0CE435E-F212-4A36-BF0E-58C51038013E}"
EndProject
Project("{FAE04EC0-301F-11D3-BF4B-00C04F79EFBC}") = "Sat.Recruiment.Services.Test", "Sat.Recruiment.Services.Test\Sat.Recruiment.Services.Test.csproj", "{DA76C83A-579A-47DA-8CAC-CA23F2872C44}"
EndProject
Global
	GlobalSection(SolutionConfigurationPlatforms) = preSolution
		Debug|Any CPU = Debug|Any CPU
		Release|Any CPU = Release|Any CPU
	EndGlobalSection
	GlobalSection(ProjectConfigurationPlatforms) = postSolution
		{1F342EA2-E7B1-4E53-AB93-9C62288D3FB0}.Debug|Any CPU.ActiveCfg = Debug|Any CPU
		{1F342EA2-E7B1-4E53-AB93-9C62288D3FB0}.Debug|Any CPU.Build.0 = Debug|Any CPU
		{1F342EA2-E7B1-4E53-AB93-9C62288D3FB0}.Release|Any CPU.ActiveCfg = Release|Any CPU
		{1F342EA2-E7B1-4E53-AB93-9C62288D3FB0}.Release|Any CPU.Build.0 = Release|Any CPU
		{42E696E9-2672-4B91-AD96-353A69F7219C}.Debug|Any CPU.ActiveCfg = Debug|Any CPU
		{42E696E9-2672-4B91-AD96-353A69F7219C}.Debug|Any CPU.Build.0 = Debug|Any CPU
		{42E696E9-2672-4B91-AD96-353A69F7219C}.Release|Any CPU.ActiveCfg = Release|Any CPU
		{42E696E9-2672-4B91-AD96-353A69F7219C}.Release|Any CPU.Build.0 = Release|Any CPU
		{A03EDF57-DEF5-4476-B555-CBD3908E86C3}.Debug|Any CPU.ActiveCfg = Debug|Any CPU
		{A03EDF57-DEF5-4476-B555-CBD3908E86C3}.Debug|Any CPU.Build.0 = Debug|Any CPU
		{A03EDF57-DEF5-4476-B555-CBD3908E86C3}.Release|Any CPU.ActiveCfg = Release|Any CPU
		{A03EDF57-DEF5-4476-B555-CBD3908E86C3}.Release|Any CPU.Build.0 = Release|Any CPU
		{92D9B73E-E4F3-4987-989A-101FA16CE367}.Debug|Any CPU.ActiveCfg = Debug|Any CPU
		{92D9B73E-E4F3-4987-989A-101FA16CE367}.Debug|Any CPU.Build.0 = Debug|Any CPU
		{92D9B73E-E4F3-4987-989A-101FA16CE367}.Release|Any CPU.ActiveCfg = Release|Any CPU
		{92D9B73E-E4F3-4987-989A-101FA16CE367}.Release|Any CPU.Build.0 = Release|Any CPU
		{A0CE435E-F212-4A36-BF0E-58C51038013E}.Debug|Any CPU.ActiveCfg = Debug|Any CPU
		{A0CE435E-F212-4A36-BF0E-58C51038013E}.Debug|Any CPU.Build.0 = Debug|Any CPU
		{A0CE435E-F212-4A36-BF0E-58C51038013E}.Release|Any CPU.ActiveCfg = Release|Any CPU
		{A0CE435E-F212-4A36-BF0E-58C51038013E}.Release|Any CPU.Build.0 = Release|Any CPU
		{DA76C83A-579A-47DA-8CAC-CA23F2872C44}.Debug|Any CPU.ActiveCfg = Debug|Any CPU
		{DA76C83A-579A-47DA-8CAC-CA23F2872C44}.Debug|Any CPU.Build.0 = Debug|Any CPU
		{DA76C83A-579A-47DA-8CAC-CA23F2872C44}.Release|Any CPU.ActiveCfg = Release|Any CPU
		{DA76C83A-579A-47DA-8CAC-CA23F2872C44}.Release|Any CPU.Build.0 = Release|Any CPU
	EndGlobalSection
	GlobalSection(SolutionProperties) = preSolution
		HideSolutionNode = FALSE
	EndGlobalSection
	GlobalSection(ExtensibilityGlobals) = postSolution
		SolutionGuid = {A2A05765-05B9-484D-8D3D-506849EB716F}
	EndGlobalSection
EndGlobal
